// !$*UTF8*$!
{
	archiveVersion = 1;
	classes = {
	};
	objectVersion = 46;
	objects = {

/* Begin PBXBuildFile section */
		D937C45C1AAA4EB1002BB5CD /* main.m in Sources */ = {isa = PBXBuildFile; fileRef = D937C45B1AAA4EB1002BB5CD /* main.m */; };
		D937C45F1AAA4EB1002BB5CD /* AppDelegate.m in Sources */ = {isa = PBXBuildFile; fileRef = D937C45E1AAA4EB1002BB5CD /* AppDelegate.m */; };
		D937C4621AAA4EB1002BB5CD /* FirstViewController.m in Sources */ = {isa = PBXBuildFile; fileRef = D937C4611AAA4EB1002BB5CD /* FirstViewController.m */; };
		D937C4651AAA4EB1002BB5CD /* SecondViewController.m in Sources */ = {isa = PBXBuildFile; fileRef = D937C4641AAA4EB1002BB5CD /* SecondViewController.m */; };
		D937C4681AAA4EB1002BB5CD /* Main.storyboard in Resources */ = {isa = PBXBuildFile; fileRef = D937C4661AAA4EB1002BB5CD /* Main.storyboard */; };
		D937C46A1AAA4EB1002BB5CD /* Images.xcassets in Resources */ = {isa = PBXBuildFile; fileRef = D937C4691AAA4EB1002BB5CD /* Images.xcassets */; };
		D937C46D1AAA4EB1002BB5CD /* LaunchScreen.xib in Resources */ = {isa = PBXBuildFile; fileRef = D937C46B1AAA4EB1002BB5CD /* LaunchScreen.xib */; };
		D937C4791AAA4EB1002BB5CD /* CPFEDashboardTests.m in Sources */ = {isa = PBXBuildFile; fileRef = D937C4781AAA4EB1002BB5CD /* CPFEDashboardTests.m */; };
/* End PBXBuildFile section */

/* Begin PBXContainerItemProxy section */
		D937C4731AAA4EB1002BB5CD /* PBXContainerItemProxy */ = {
			isa = PBXContainerItemProxy;
			containerPortal = D937C44E1AAA4EB1002BB5CD /* Project object */;
			proxyType = 1;
			remoteGlobalIDString = D937C4551AAA4EB1002BB5CD;
			remoteInfo = CPFEDashboard;
		};
/* End PBXContainerItemProxy section */

/* Begin PBXFileReference section */
		D937C4561AAA4EB1002BB5CD /* CPFEDashboard.app */ = {isa = PBXFileReference; explicitFileType = wrapper.application; includeInIndex = 0; path = CPFEDashboard.app; sourceTree = BUILT_PRODUCTS_DIR; };
		D937C45A1AAA4EB1002BB5CD /* Info.plist */ = {isa = PBXFileReference; lastKnownFileType = text.plist.xml; path = Info.plist; sourceTree = "<group>"; };
		D937C45B1AAA4EB1002BB5CD /* main.m */ = {isa = PBXFileReference; lastKnownFileType = sourcecode.c.objc; path = main.m; sourceTree = "<group>"; };
		D937C45D1AAA4EB1002BB5CD /* AppDelegate.h */ = {isa = PBXFileReference; lastKnownFileType = sourcecode.c.h; path = AppDelegate.h; sourceTree = "<group>"; };
		D937C45E1AAA4EB1002BB5CD /* AppDelegate.m */ = {isa = PBXFileReference; lastKnownFileType = sourcecode.c.objc; path = AppDelegate.m; sourceTree = "<group>"; };
		D937C4601AAA4EB1002BB5CD /* FirstViewController.h */ = {isa = PBXFileReference; lastKnownFileType = sourcecode.c.h; path = FirstViewController.h; sourceTree = "<group>"; };
		D937C4611AAA4EB1002BB5CD /* FirstViewController.m */ = {isa = PBXFileReference; lastKnownFileType = sourcecode.c.objc; path = FirstViewController.m; sourceTree = "<group>"; };
		D937C4631AAA4EB1002BB5CD /* SecondViewController.h */ = {isa = PBXFileReference; lastKnownFileType = sourcecode.c.h; path = SecondViewController.h; sourceTree = "<group>"; };
		D937C4641AAA4EB1002BB5CD /* SecondViewController.m */ = {isa = PBXFileReference; lastKnownFileType = sourcecode.c.objc; path = SecondViewController.m; sourceTree = "<group>"; };
		D937C4671AAA4EB1002BB5CD /* Base */ = {isa = PBXFileReference; lastKnownFileType = file.storyboard; name = Base; path = Base.lproj/Main.storyboard; sourceTree = "<group>"; };
		D937C4691AAA4EB1002BB5CD /* Images.xcassets */ = {isa = PBXFileReference; lastKnownFileType = folder.assetcatalog; path = Images.xcassets; sourceTree = "<group>"; };
		D937C46C1AAA4EB1002BB5CD /* Base */ = {isa = PBXFileReference; lastKnownFileType = file.xib; name = Base; path = Base.lproj/LaunchScreen.xib; sourceTree = "<group>"; };
		D937C4721AAA4EB1002BB5CD /* CPFEDashboardTests.xctest */ = {isa = PBXFileReference; explicitFileType = wrapper.cfbundle; includeInIndex = 0; path = CPFEDashboardTests.xctest; sourceTree = BUILT_PRODUCTS_DIR; };
		D937C4771AAA4EB1002BB5CD /* Info.plist */ = {isa = PBXFileReference; lastKnownFileType = text.plist.xml; path = Info.plist; sourceTree = "<group>"; };
		D937C4781AAA4EB1002BB5CD /* CPFEDashboardTests.m */ = {isa = PBXFileReference; lastKnownFileType = sourcecode.c.objc; path = CPFEDashboardTests.m; sourceTree = "<group>"; };
/* End PBXFileReference section */

/* Begin PBXFrameworksBuildPhase section */
		D937C4531AAA4EB1002BB5CD /* Frameworks */ = {
			isa = PBXFrameworksBuildPhase;
			buildActionMask = 2147483647;
			files = (
			);
			runOnlyForDeploymentPostprocessing = 0;
		};
		D937C46F1AAA4EB1002BB5CD /* Frameworks */ = {
			isa = PBXFrameworksBuildPhase;
			buildActionMask = 2147483647;
			files = (
			);
			runOnlyForDeploymentPostprocessing = 0;
		};
/* End PBXFrameworksBuildPhase section */

/* Begin PBXGroup section */
		D937C44D1AAA4EB1002BB5CD = {
			isa = PBXGroup;
			children = (
				D937C4581AAA4EB1002BB5CD /* CPFEDashboard */,
				D937C4751AAA4EB1002BB5CD /* CPFEDashboardTests */,
				D937C4571AAA4EB1002BB5CD /* Products */,
			);
			sourceTree = "<group>";
		};
		D937C4571AAA4EB1002BB5CD /* Products */ = {
			isa = PBXGroup;
			children = (
				D937C4561AAA4EB1002BB5CD /* CPFEDashboard.app */,
				D937C4721AAA4EB1002BB5CD /* CPFEDashboardTests.xctest */,
			);
			name = Products;
			sourceTree = "<group>";
		};
		D937C4581AAA4EB1002BB5CD /* CPFEDashboard */ = {
			isa = PBXGroup;
			children = (
				D937C45D1AAA4EB1002BB5CD /* AppDelegate.h */,
				D937C45E1AAA4EB1002BB5CD /* AppDelegate.m */,
				D937C4601AAA4EB1002BB5CD /* FirstViewController.h */,
				D937C4611AAA4EB1002BB5CD /* FirstViewController.m */,
				D937C4631AAA4EB1002BB5CD /* SecondViewController.h */,
				D937C4641AAA4EB1002BB5CD /* SecondViewController.m */,
				D937C4661AAA4EB1002BB5CD /* Main.storyboard */,
				D937C4691AAA4EB1002BB5CD /* Images.xcassets */,
				D937C46B1AAA4EB1002BB5CD /* LaunchScreen.xib */,
				D937C4591AAA4EB1002BB5CD /* Supporting Files */,
			);
			path = CPFEDashboard;
			sourceTree = "<group>";
		};
		D937C4591AAA4EB1002BB5CD /* Supporting Files */ = {
			isa = PBXGroup;
			children = (
				D937C45A1AAA4EB1002BB5CD /* Info.plist */,
				D937C45B1AAA4EB1002BB5CD /* main.m */,
			);
			name = "Supporting Files";
			sourceTree = "<group>";
		};
		D937C4751AAA4EB1002BB5CD /* CPFEDashboardTests */ = {
			isa = PBXGroup;
			children = (
				D937C4781AAA4EB1002BB5CD /* CPFEDashboardTests.m */,
				D937C4761AAA4EB1002BB5CD /* Supporting Files */,
			);
			path = CPFEDashboardTests;
			sourceTree = "<group>";
		};
		D937C4761AAA4EB1002BB5CD /* Supporting Files */ = {
			isa = PBXGroup;
			children = (
				D937C4771AAA4EB1002BB5CD /* Info.plist */,
			);
			name = "Supporting Files";
			sourceTree = "<group>";
		};
/* End PBXGroup section */

/* Begin PBXNativeTarget section */
		D937C4551AAA4EB1002BB5CD /* CPFEDashboard */ = {
			isa = PBXNativeTarget;
			buildConfigurationList = D937C47C1AAA4EB1002BB5CD /* Build configuration list for PBXNativeTarget "CPFEDashboard" */;
			buildPhases = (
				D937C4521AAA4EB1002BB5CD /* Sources */,
				D937C4531AAA4EB1002BB5CD /* Frameworks */,
				D937C4541AAA4EB1002BB5CD /* Resources */,
			);
			buildRules = (
			);
			dependencies = (
			);
			name = CPFEDashboard;
			productName = CPFEDashboard;
			productReference = D937C4561AAA4EB1002BB5CD /* CPFEDashboard.app */;
			productType = "com.apple.product-type.application";
		};
		D937C4711AAA4EB1002BB5CD /* CPFEDashboardTests */ = {
			isa = PBXNativeTarget;
			buildConfigurationList = D937C47F1AAA4EB1002BB5CD /* Build configuration list for PBXNativeTarget "CPFEDashboardTests" */;
			buildPhases = (
				D937C46E1AAA4EB1002BB5CD /* Sources */,
				D937C46F1AAA4EB1002BB5CD /* Frameworks */,
				D937C4701AAA4EB1002BB5CD /* Resources */,
			);
			buildRules = (
			);
			dependencies = (
				D937C4741AAA4EB1002BB5CD /* PBXTargetDependency */,
			);
			name = CPFEDashboardTests;
			productName = CPFEDashboardTests;
			productReference = D937C4721AAA4EB1002BB5CD /* CPFEDashboardTests.xctest */;
			productType = "com.apple.product-type.bundle.unit-test";
		};
/* End PBXNativeTarget section */

/* Begin PBXProject section */
		D937C44E1AAA4EB1002BB5CD /* Project object */ = {
			isa = PBXProject;
			attributes = {
				LastUpgradeCheck = 0610;
				ORGANIZATIONNAME = "Thomas Willson";
				TargetAttributes = {
					D937C4551AAA4EB1002BB5CD = {
						CreatedOnToolsVersion = 6.1.1;
					};
					D937C4711AAA4EB1002BB5CD = {
						CreatedOnToolsVersion = 6.1.1;
						TestTargetID = D937C4551AAA4EB1002BB5CD;
					};
				};
			};
			buildConfigurationList = D937C4511AAA4EB1002BB5CD /* Build configuration list for PBXProject "CPFEDashboard" */;
			compatibilityVersion = "Xcode 3.2";
			developmentRegion = English;
			hasScannedForEncodings = 0;
			knownRegions = (
				en,
				Base,
			);
			mainGroup = D937C44D1AAA4EB1002BB5CD;
			productRefGroup = D937C4571AAA4EB1002BB5CD /* Products */;
			projectDirPath = "";
			projectRoot = "";
			targets = (
				D937C4551AAA4EB1002BB5CD /* CPFEDashboard */,
				D937C4711AAA4EB1002BB5CD /* CPFEDashboardTests */,
			);
		};
/* End PBXProject section */

/* Begin PBXResourcesBuildPhase section */
		D937C4541AAA4EB1002BB5CD /* Resources */ = {
			isa = PBXResourcesBuildPhase;
			buildActionMask = 2147483647;
			files = (
				D937C4681AAA4EB1002BB5CD /* Main.storyboard in Resources */,
				D937C46D1AAA4EB1002BB5CD /* LaunchScreen.xib in Resources */,
				D937C46A1AAA4EB1002BB5CD /* Images.xcassets in Resources */,
			);
			runOnlyForDeploymentPostprocessing = 0;
		};
		D937C4701AAA4EB1002BB5CD /* Resources */ = {
			isa = PBXResourcesBuildPhase;
			buildActionMask = 2147483647;
			files = (
			);
			runOnlyForDeploymentPostprocessing = 0;
		};
/* End PBXResourcesBuildPhase section */

/* Begin PBXSourcesBuildPhase section */
		D937C4521AAA4EB1002BB5CD /* Sources */ = {
			isa = PBXSourcesBuildPhase;
			buildActionMask = 2147483647;
			files = (
				D937C4651AAA4EB1002BB5CD /* SecondViewController.m in Sources */,
				D937C45F1AAA4EB1002BB5CD /* AppDelegate.m in Sources */,
				D937C4621AAA4EB1002BB5CD /* FirstViewController.m in Sources */,
				D937C45C1AAA4EB1002BB5CD /* main.m in Sources */,
			);
			runOnlyForDeploymentPostprocessing = 0;
		};
		D937C46E1AAA4EB1002BB5CD /* Sources */ = {
			isa = PBXSourcesBuildPhase;
			buildActionMask = 2147483647;
			files = (
				D937C4791AAA4EB1002BB5CD /* CPFEDashboardTests.m in Sources */,
			);
			runOnlyForDeploymentPostprocessing = 0;
		};
/* End PBXSourcesBuildPhase section */

/* Begin PBXTargetDependency section */
		D937C4741AAA4EB1002BB5CD /* PBXTargetDependency */ = {
			isa = PBXTargetDependency;
			target = D937C4551AAA4EB1002BB5CD /* CPFEDashboard */;
			targetProxy = D937C4731AAA4EB1002BB5CD /* PBXContainerItemProxy */;
		};
/* End PBXTargetDependency section */

/* Begin PBXVariantGroup section */
		D937C4661AAA4EB1002BB5CD /* Main.storyboard */ = {
			isa = PBXVariantGroup;
			children = (
				D937C4671AAA4EB1002BB5CD /* Base */,
			);
			name = Main.storyboard;
			sourceTree = "<group>";
		};
		D937C46B1AAA4EB1002BB5CD /* LaunchScreen.xib */ = {
			isa = PBXVariantGroup;
			children = (
				D937C46C1AAA4EB1002BB5CD /* Base */,
			);
			name = LaunchScreen.xib;
			sourceTree = "<group>";
		};
/* End PBXVariantGroup section */

/* Begin XCBuildConfiguration section */
		D937C47A1AAA4EB1002BB5CD /* Debug */ = {
			isa = XCBuildConfiguration;
			buildSettings = {
				ALWAYS_SEARCH_USER_PATHS = NO;
				CLANG_CXX_LANGUAGE_STANDARD = "gnu++0x";
				CLANG_CXX_LIBRARY = "libc++";
				CLANG_ENABLE_MODULES = YES;
				CLANG_ENABLE_OBJC_ARC = YES;
				CLANG_WARN_BOOL_CONVERSION = YES;
				CLANG_WARN_CONSTANT_CONVERSION = YES;
				CLANG_WARN_DIRECT_OBJC_ISA_USAGE = YES_ERROR;
				CLANG_WARN_EMPTY_BODY = YES;
				CLANG_WARN_ENUM_CONVERSION = YES;
				CLANG_WARN_INT_CONVERSION = YES;
				CLANG_WARN_OBJC_ROOT_CLASS = YES_ERROR;
				CLANG_WARN_UNREACHABLE_CODE = YES;
				CLANG_WARN__DUPLICATE_METHOD_MATCH = YES;
				"CODE_SIGN_IDENTITY[sdk=iphoneos*]" = "iPhone Developer";
				COPY_PHASE_STRIP = NO;
				ENABLE_STRICT_OBJC_MSGSEND = YES;
				GCC_C_LANGUAGE_STANDARD = gnu99;
				GCC_DYNAMIC_NO_PIC = NO;
				GCC_OPTIMIZATION_LEVEL = 0;
				GCC_PREPROCESSOR_DEFINITIONS = (
					"DEBUG=1",
					"$(inherited)",
				);
				GCC_SYMBOLS_PRIVATE_EXTERN = NO;
				GCC_WARN_64_TO_32_BIT_CONVERSION = YES;
				GCC_WARN_ABOUT_RETURN_TYPE = YES_ERROR;
				GCC_WARN_UNDECLARED_SELECTOR = YES;
				GCC_WARN_UNINITIALIZED_AUTOS = YES_AGGRESSIVE;
				GCC_WARN_UNUSED_FUNCTION = YES;
				GCC_WARN_UNUSED_VARIABLE = YES;
				IPHONEOS_DEPLOYMENT_TARGET = 8.1;
				MTL_ENABLE_DEBUG_INFO = YES;
				ONLY_ACTIVE_ARCH = YES;
				SDKROOT = iphoneos;
				TARGETED_DEVICE_FAMILY = "1,2";
			};
			name = Debug;
		};
		D937C47B1AAA4EB1002BB5CD /* Release */ = {
			isa = XCBuildConfiguration;
			buildSettings = {
				ALWAYS_SEARCH_USER_PATHS = NO;
				CLANG_CXX_LANGUAGE_STANDARD = "gnu++0x";
				CLANG_CXX_LIBRARY = "libc++";
				CLANG_ENABLE_MODULES = YES;
				CLANG_ENABLE_OBJC_ARC = YES;
				CLANG_WARN_BOOL_CONVERSION = YES;
				CLANG_WARN_CONSTANT_CONVERSION = YES;
				CLANG_WARN_DIRECT_OBJC_ISA_USAGE = YES_ERROR;
				CLANG_WARN_EMPTY_BODY = YES;
				CLANG_WARN_ENUM_CONVERSION = YES;
				CLANG_WARN_INT_CONVERSION = YES;
				CLANG_WARN_OBJC_ROOT_CLASS = YES_ERROR;
				CLANG_WARN_UNREACHABLE_CODE = YES;
				CLANG_WARN__DUPLICATE_METHOD_MATCH = YES;
				"CODE_SIGN_IDENTITY[sdk=iphoneos*]" = "iPhone Developer";
				COPY_PHASE_STRIP = YES;
				ENABLE_NS_ASSERTIONS = NO;
				ENABLE_STRICT_OBJC_MSGSEND = YES;
				GCC_C_LANGUAGE_STANDARD = gnu99;
				GCC_WARN_64_TO_32_BIT_CONVERSION = YES;
				GCC_WARN_ABOUT_RETURN_TYPE = YES_ERROR;
				GCC_WARN_UNDECLARED_SELECTOR = YES;
				GCC_WARN_UNINITIALIZED_AUTOS = YES_AGGRESSIVE;
				GCC_WARN_UNUSED_FUNCTION = YES;
				GCC_WARN_UNUSED_VARIABLE = YES;
				IPHONEOS_DEPLOYMENT_TARGET = 8.1;
				MTL_ENABLE_DEBUG_INFO = NO;
				SDKROOT = iphoneos;
				TARGETED_DEVICE_FAMILY = "1,2";
				VALIDATE_PRODUCT = YES;
			};
			name = Release;
		};
		D937C47D1AAA4EB1002BB5CD /* Debug */ = {
			isa = XCBuildConfiguration;
			buildSettings = {
				ASSETCATALOG_COMPILER_APPICON_NAME = AppIcon;
				INFOPLIST_FILE = CPFEDashboard/Info.plist;
				LD_RUNPATH_SEARCH_PATHS = "$(inherited) @executable_path/Frameworks";
				PRODUCT_NAME = "$(TARGET_NAME)";
			};
			name = Debug;
		};
		D937C47E1AAA4EB1002BB5CD /* Release */ = {
			isa = XCBuildConfiguration;
			buildSettings = {
				ASSETCATALOG_COMPILER_APPICON_NAME = AppIcon;
				INFOPLIST_FILE = CPFEDashboard/Info.plist;
				LD_RUNPATH_SEARCH_PATHS = "$(inherited) @executable_path/Frameworks";
				PRODUCT_NAME = "$(TARGET_NAME)";
			};
			name = Release;
		};
		D937C4801AAA4EB1002BB5CD /* Debug */ = {
			isa = XCBuildConfiguration;
			buildSettings = {
				BUNDLE_LOADER = "$(TEST_HOST)";
				FRAMEWORK_SEARCH_PATHS = (
					"$(SDKROOT)/Developer/Library/Frameworks",
					"$(inherited)",
				);
				GCC_PREPROCESSOR_DEFINITIONS = (
					"DEBUG=1",
					"$(inherited)",
				);
				INFOPLIST_FILE = CPFEDashboardTests/Info.plist;
				LD_RUNPATH_SEARCH_PATHS = "$(inherited) @executable_path/Frameworks @loader_path/Frameworks";
				PRODUCT_NAME = "$(TARGET_NAME)";
				TEST_HOST = "$(BUILT_PRODUCTS_DIR)/CPFEDashboard.app/CPFEDashboard";
			};
			name = Debug;
		};
		D937C4811AAA4EB1002BB5CD /* Release */ = {
			isa = XCBuildConfiguration;
			buildSettings = {
				BUNDLE_LOADER = "$(TEST_HOST)";
				FRAMEWORK_SEARCH_PATHS = (
					"$(SDKROOT)/Developer/Library/Frameworks",
					"$(inherited)",
				);
				INFOPLIST_FILE = CPFEDashboardTests/Info.plist;
				LD_RUNPATH_SEARCH_PATHS = "$(inherited) @executable_path/Frameworks @loader_path/Frameworks";
				PRODUCT_NAME = "$(TARGET_NAME)";
				TEST_HOST = "$(BUILT_PRODUCTS_DIR)/CPFEDashboard.app/CPFEDashboard";
			};
			name = Release;
		};
/* End XCBuildConfiguration section */

/* Begin XCConfigurationList section */
		D937C4511AAA4EB1002BB5CD /* Build configuration list for PBXProject "CPFEDashboard" */ = {
			isa = XCConfigurationList;
			buildConfigurations = (
				D937C47A1AAA4EB1002BB5CD /* Debug */,
				D937C47B1AAA4EB1002BB5CD /* Release */,
			);
			defaultConfigurationIsVisible = 0;
			defaultConfigurationName = Release;
		};
		D937C47C1AAA4EB1002BB5CD /* Build configuration list for PBXNativeTarget "CPFEDashboard" */ = {
			isa = XCConfigurationList;
			buildConfigurations = (
				D937C47D1AAA4EB1002BB5CD /* Debug */,
				D937C47E1AAA4EB1002BB5CD /* Release */,
			);
			defaultConfigurationIsVisible = 0;
		};
		D937C47F1AAA4EB1002BB5CD /* Build configuration list for PBXNativeTarget "CPFEDashboardTests" */ = {
			isa = XCConfigurationList;
			buildConfigurations = (
				D937C4801AAA4EB1002BB5CD /* Debug */,
				D937C4811AAA4EB1002BB5CD /* Release */,
			);
			defaultConfigurationIsVisible = 0;
		};
/* End XCConfigurationList section */
	};
	rootObject = D937C44E1AAA4EB1002BB5CD /* Project object */;
}
